
Microsoft Visual Studio Solution File, Format Version 12.00
# Visual Studio Version 17
VisualStudioVersion = 17.5.002.0
MinimumVisualStudioVersion = 10.0.40219.1
Project("{9A19103F-16F7-4668-BE54-9A1E7A4F7556}") = "BusinessLogic", "BusinessLogic\BusinessLogic.csproj", "{9C8D1D44-54D5-45CA-8C61-076ECC8CAF07}"
EndProject
Project("{9A19103F-16F7-4668-BE54-9A1E7A4F7556}") = "Testing", "Testing\Testing.csproj", "{DEFAF8EF-D6AE-4D94-8E59-8DF5427688DA}"
EndProject
Project("{9A19103F-16F7-4668-BE54-9A1E7A4F7556}") = "WebApp", "WebApp\WebApp.csproj", "{1BF6B0EF-9AE5-4CE6-8014-48C195A0D504}"
EndProject
Global
	GlobalSection(SolutionConfigurationPlatforms) = preSolution
		Debug|Any CPU = Debug|Any CPU
		Release|Any CPU = Release|Any CPU
	EndGlobalSection
	GlobalSection(ProjectConfigurationPlatforms) = postSolution
		{9C8D1D44-54D5-45CA-8C61-076ECC8CAF07}.Debug|Any CPU.ActiveCfg = Debug|Any CPU
		{9C8D1D44-54D5-45CA-8C61-076ECC8CAF07}.Debug|Any CPU.Build.0 = Debug|Any CPU
		{9C8D1D44-54D5-45CA-8C61-076ECC8CAF07}.Release|Any CPU.ActiveCfg = Release|Any CPU
		{9C8D1D44-54D5-45CA-8C61-076ECC8CAF07}.Release|Any CPU.Build.0 = Release|Any CPU
		{DEFAF8EF-D6AE-4D94-8E59-8DF5427688DA}.Debug|Any CPU.ActiveCfg = Debug|Any CPU
		{DEFAF8EF-D6AE-4D94-8E59-8DF5427688DA}.Debug|Any CPU.Build.0 = Debug|Any CPU
		{DEFAF8EF-D6AE-4D94-8E59-8DF5427688DA}.Release|Any CPU.ActiveCfg = Release|Any CPU
		{DEFAF8EF-D6AE-4D94-8E59-8DF5427688DA}.Release|Any CPU.Build.0 = Release|Any CPU
		{1BF6B0EF-9AE5-4CE6-8014-48C195A0D504}.Debug|Any CPU.ActiveCfg = Debug|Any CPU
		{1BF6B0EF-9AE5-4CE6-8014-48C195A0D504}.Debug|Any CPU.Build.0 = Debug|Any CPU
		{1BF6B0EF-9AE5-4CE6-8014-48C195A0D504}.Release|Any CPU.ActiveCfg = Release|Any CPU
		{1BF6B0EF-9AE5-4CE6-8014-48C195A0D504}.Release|Any CPU.Build.0 = Release|Any CPU
	EndGlobalSection
	GlobalSection(SolutionProperties) = preSolution
		HideSolutionNode = FALSE
	EndGlobalSection
	GlobalSection(ExtensibilityGlobals) = postSolution
		SolutionGuid = {7F99DFD2-7143-415E-8787-BCC09E2539EC}
	EndGlobalSection
EndGlobal
